
Microsoft Visual Studio Solution File, Format Version 12.00
# Visual Studio Version 16
VisualStudioVersion = 16.0.30711.63
MinimumVisualStudioVersion = 10.0.40219.1
Project("{FAE04EC0-301F-11D3-BF4B-00C04F79EFBC}") = "ProyectoLimpioCore", "ProyectoLimpioCore\ProyectoLimpioCore.csproj", "{166AE95E-3E8A-45E6-8BFD-34DDAFDD6244}"
EndProject
Global
	GlobalSection(SolutionConfigurationPlatforms) = preSolution
		Debug|Any CPU = Debug|Any CPU
		Release|Any CPU = Release|Any CPU
	EndGlobalSection
	GlobalSection(ProjectConfigurationPlatforms) = postSolution
		{166AE95E-3E8A-45E6-8BFD-34DDAFDD6244}.Debug|Any CPU.ActiveCfg = Debug|Any CPU
		{166AE95E-3E8A-45E6-8BFD-34DDAFDD6244}.Debug|Any CPU.Build.0 = Debug|Any CPU
		{166AE95E-3E8A-45E6-8BFD-34DDAFDD6244}.Release|Any CPU.ActiveCfg = Release|Any CPU
		{166AE95E-3E8A-45E6-8BFD-34DDAFDD6244}.Release|Any CPU.Build.0 = Release|Any CPU
	EndGlobalSection
	GlobalSection(SolutionProperties) = preSolution
		HideSolutionNode = FALSE
	EndGlobalSection
	GlobalSection(ExtensibilityGlobals) = postSolution
		SolutionGuid = {798C73B0-902A-45BE-A59A-85AD47312312}
	EndGlobalSection
EndGlobal
